<?xml version="1.0" encoding="utf-8"?>
<Project ToolsVersion="4.0" xmlns="http://schemas.microsoft.com/developer/msbuild/2003">
  <ItemGroup>
    <Filter Include="Исходные файлы">
      <UniqueIdentifier>{4FC737F1-C7A5-4376-A066-2A32D752A2FF}</UniqueIdentifier>
      <Extensions>cpp;c;cc;cxx;c++;cppm;ixx;def;odl;idl;hpj;bat;asm;asmx</Extensions>
    </Filter>
    <Filter Include="Файлы заголовков">
      <UniqueIdentifier>{93995380-89BD-4b04-88EB-625FBE52EBFB}</UniqueIdentifier>
      <Extensions>h;hh;hpp;hxx;h++;hm;inl;inc;ipp;xsd</Extensions>
    </Filter>
    <Filter Include="Файлы ресурсов">
      <UniqueIdentifier>{67DA6AB6-F800-4c08-8B7A-83BB121AAD01}</UniqueIdentifier>
      <Extensions>rc;ico;cur;bmp;dlg;rc2;rct;bin;rgs;gif;jpg;jpeg;jpe;resx;tiff;tif;png;wav;mfcribbon-ms</Extensions>
    </Filter>
  </ItemGroup>
  <ItemGroup>
    <ClCompile Include="Source.cpp">
      <Filter>Исходные файлы</Filter>
    </ClCompile>
  </ItemGroup>
  <ItemGroup>
    <Image Include="pringlesNEW.jpeg">
      <Filter>Файлы ресурсов</Filter>
    </Image>
    <Image Include="krishkaNEW.jpg">
      <Filter>Файлы ресурсов</Filter>
    </Image>
    <Image Include="Gelezo.jpg">
      <Filter>Файлы ресурсов</Filter>
    </Image>
    <Image Include="Sigar.jpg">
      <Filter>Файлы ресурсов</Filter>
    </Image>
    <Image Include="..\..\..\..\..\Users\DashaLox\Downloads\earth.jpg">
      <Filter>Файлы ресурсов</Filter>
    </Image>
    <Image Include="soccer2_sph.jpg">
      <Filter>Файлы ресурсов</Filter>
    </Image>
    <Image Include="basketball.jpg">
      <Filter>Файлы ресурсов</Filter>
    </Image>
    <Image Include="BasketballColor.jpg">
      <Filter>Файлы ресурсов</Filter>
    </Image>
    <Image Include="basketFriday.jpg">
      <Filter>Файлы ресурсов</Filter>
    </Image>
    <Image Include="glaz.jpg">
      <Filter>Файлы ресурсов</Filter>
    </Image>
    <Image Include="face.jpg">
      <Filter>Файлы ресурсов</Filter>
    </Image>
    <Image Include="Gudach.jpg">
      <Filter>Файлы ресурсов</Filter>
    </Image>
    <Image Include="sysun.jpg">
      <Filter>Файлы ресурсов</Filter>
    </Image>
    <Image Include="Semenova.jpg">
      <Filter>Файлы ресурсов</Filter>
    </Image>
    <Image Include="Krychek.jpg">
      <Filter>Файлы ресурсов</Filter>
    </Image>
    <Image Include="Polina.jpg">
      <Filter>Файлы ресурсов</Filter>
    </Image>
  </ItemGroup>
</Project>